{
  "R": {
    "Version": "4.1.2",
    "Repositories": [
      {
        "Name": "CRAN",
        "URL": "https://cran.rstudio.com"
      }
    ]
  },
  "Packages": {
    "BH": {
      "Package": "BH",
      "Version": "1.81.0-1",
      "Source": "Repository",
      "Repository": "CRAN",
      "Hash": "68122010f01c4dcfbe58ce7112f2433d",
      "Requirements": []
    },
    "Biobase": {
      "Package": "Biobase",
      "Version": "2.54.0",
      "Source": "Bioconductor",
      "git_url": "https://git.bioconductor.org/packages/Biobase",
      "git_branch": "RELEASE_3_14",
      "git_last_commit": "8215d76",
      "git_last_commit_date": "2021-10-26",
      "Hash": "767057b0e2897e2a43b59718be888ccd",
      "Requirements": [
        "BiocGenerics"
      ]
    },
    "BiocGenerics": {
      "Package": "BiocGenerics",
      "Version": "0.40.0",
      "Source": "Bioconductor",
      "git_url": "https://git.bioconductor.org/packages/BiocGenerics",
      "git_branch": "RELEASE_3_14",
      "git_last_commit": "0bc1e0e",
      "git_last_commit_date": "2021-10-26",
      "Hash": "ddc1d29bbe66aaef34b0d17620b61a69",
      "Requirements": []
    },
    "BiocManager": {
      "Package": "BiocManager",
      "Version": "1.30.20",
      "Source": "Repository",
      "Repository": "CRAN",
      "Hash": "a7fca16a50b6ef7771b49d636dd54b57",
      "Requirements": []
    },
    "BiocParallel": {
      "Package": "BiocParallel",
      "Version": "1.28.3",
      "Source": "Bioconductor",
      "git_url": "https://git.bioconductor.org/packages/BiocParallel",
      "git_branch": "RELEASE_3_14",
      "git_last_commit": "2f9d88a",
      "git_last_commit_date": "2021-12-07",
      "Hash": "460c266560eefcf641c3d7c5169e5bb3",
      "Requirements": [
        "BH",
        "futile.logger",
        "snow"
      ]
    },
    "BiocVersion": {
      "Package": "BiocVersion",
      "Version": "3.14.0",
      "Source": "Bioconductor",
      "git_url": "https://git.bioconductor.org/packages/BiocVersion",
      "git_branch": "master",
      "git_last_commit": "aa56d93",
      "git_last_commit_date": "2021-05-19",
      "Hash": "e57437f82a5c13263a9cf442b9796ba3",
      "Requirements": []
    },
    "ComplexHeatmap": {
      "Package": "ComplexHeatmap",
      "Version": "2.10.0",
      "Source": "Bioconductor",
      "git_url": "https://git.bioconductor.org/packages/ComplexHeatmap",
      "git_branch": "RELEASE_3_14",
      "git_last_commit": "170df82",
      "git_last_commit_date": "2021-10-26",
      "Hash": "964941c376127a2eccfb0d89d43442d2",
      "Requirements": [
        "GetoptLong",
        "GlobalOptions",
        "IRanges",
        "RColorBrewer",
        "circlize",
        "clue",
        "colorspace",
        "digest",
        "doParallel",
        "foreach",
        "matrixStats",
        "png"
      ]
    },
    "DEP": {
      "Package": "DEP",
      "Version": "1.16.0",
      "Source": "Bioconductor",
      "git_url": "https://git.bioconductor.org/packages/DEP",
      "git_branch": "RELEASE_3_14",
      "git_last_commit": "ce28ade",
      "git_last_commit_date": "2021-10-26",
      "Hash": "aaf9a85bdcfc50433bc536df59cd47d4",
      "Requirements": [
        "ComplexHeatmap",
        "DT",
        "MSnbase",
        "RColorBrewer",
        "SummarizedExperiment",
        "assertthat",
        "circlize",
        "cluster",
        "dplyr",
        "fdrtool",
        "ggplot2",
        "ggrepel",
        "gridExtra",
        "imputeLCMD",
        "limma",
        "purrr",
        "readr",
        "rmarkdown",
        "shiny",
        "shinydashboard",
        "tibble",
        "tidyr",
        "vsn"
      ]
    },
    "DT": {
      "Package": "DT",
      "Version": "0.27",
      "Source": "Repository",
      "Repository": "CRAN",
      "Hash": "3444e6ed78763f9f13aaa39f2481eb34",
      "Requirements": [
        "crosstalk",
        "htmltools",
        "htmlwidgets",
        "jquerylib",
        "jsonlite",
        "magrittr",
        "promises"
      ]
    },
    "DelayedArray": {
      "Package": "DelayedArray",
      "Version": "0.20.0",
      "Source": "Bioconductor",
      "git_url": "https://git.bioconductor.org/packages/DelayedArray",
      "git_branch": "RELEASE_3_14",
      "git_last_commit": "829b529",
      "git_last_commit_date": "2021-10-26",
      "Hash": "8400bc4ac5cf78a44eefa2395a2ed782",
      "Requirements": [
        "BiocGenerics",
        "IRanges",
        "Matrix",
        "MatrixGenerics",
        "S4Vectors"
      ]
    },
    "GenomeInfoDb": {
      "Package": "GenomeInfoDb",
      "Version": "1.30.1",
      "Source": "Bioconductor",
      "git_url": "https://git.bioconductor.org/packages/GenomeInfoDb",
      "git_branch": "RELEASE_3_14",
      "git_last_commit": "bf8b385",
      "git_last_commit_date": "2022-01-27",
      "Hash": "30dc66e49ea68fd50f5d3fe4b82f0533",
      "Requirements": [
        "BiocGenerics",
        "GenomeInfoDbData",
        "IRanges",
        "RCurl",
        "S4Vectors"
      ]
    },
    "GenomeInfoDbData": {
      "Package": "GenomeInfoDbData",
      "Version": "1.2.7",
      "Source": "Bioconductor",
      "Hash": "89e8144e21da34e26b7c05945cefa3ca",
      "Requirements": []
    },
    "GenomicRanges": {
      "Package": "GenomicRanges",
      "Version": "1.46.1",
      "Source": "Bioconductor",
      "git_url": "https://git.bioconductor.org/packages/GenomicRanges",
      "git_branch": "RELEASE_3_14",
      "git_last_commit": "e422642",
      "git_last_commit_date": "2021-11-16",
      "Hash": "4d9cdd0c25e0c40075a2756aa78f4960",
      "Requirements": [
        "BiocGenerics",
        "GenomeInfoDb",
        "IRanges",
        "S4Vectors",
        "XVector"
      ]
    },
    "GetoptLong": {
      "Package": "GetoptLong",
      "Version": "1.0.5",
      "Source": "Repository",
      "Repository": "CRAN",
      "Hash": "61fac01c73abf03ac72e88dc3952c1e3",
      "Requirements": [
        "GlobalOptions",
        "crayon",
        "rjson"
      ]
    },
    "GlobalOptions": {
      "Package": "GlobalOptions",
      "Version": "0.1.2",
      "Source": "Repository",
      "Repository": "CRAN",
      "Hash": "c3f7b221e60c28f5f3533d74c6fef024",
      "Requirements": []
    },
    "IRanges": {
      "Package": "IRanges",
      "Version": "2.28.0",
      "Source": "Bioconductor",
      "git_url": "https://git.bioconductor.org/packages/IRanges",
      "git_branch": "RELEASE_3_14",
      "git_last_commit": "d85ee90",
      "git_last_commit_date": "2021-10-26",
      "Hash": "8299b0f981c924a2b824be548f836e9d",
      "Requirements": [
        "BiocGenerics",
        "S4Vectors"
      ]
    },
    "MALDIquant": {
      "Package": "MALDIquant",
      "Version": "1.22.1",
      "Source": "Repository",
      "Repository": "CRAN",
      "Hash": "49d887aead86e8a4096282ea0e8fa591",
      "Requirements": []
    },
    "MASS": {
      "Package": "MASS",
      "Version": "7.3-54",
      "Source": "Repository",
      "Repository": "CRAN",
      "Hash": "0e59129db205112e3963904db67fd0dc",
      "Requirements": []
    },
    "MSnbase": {
      "Package": "MSnbase",
      "Version": "2.20.4",
      "Source": "Bioconductor",
      "git_url": "https://git.bioconductor.org/packages/MSnbase",
      "git_branch": "RELEASE_3_14",
      "git_last_commit": "c86ac8b",
      "git_last_commit_date": "2022-01-13",
      "Hash": "2bd0dfe28afcbd6ba9b6f8cb82fdf524",
      "Requirements": [
        "Biobase",
        "BiocGenerics",
        "BiocParallel",
        "IRanges",
        "MALDIquant",
        "MASS",
        "MsCoreUtils",
        "ProtGenerics",
        "Rcpp",
        "S4Vectors",
        "XML",
        "affy",
        "digest",
        "ggplot2",
        "impute",
        "lattice",
        "mzID",
        "mzR",
        "pcaMethods",
        "plyr",
        "scales",
        "vsn"
      ]
    },
    "Matrix": {
      "Package": "Matrix",
      "Version": "1.3-4",
      "Source": "Repository",
      "Repository": "CRAN",
      "Hash": "4ed05e9c9726267e4a5872e09c04587c",
      "Requirements": [
        "lattice"
      ]
    },
    "MatrixGenerics": {
      "Package": "MatrixGenerics",
      "Version": "1.6.0",
      "Source": "Bioconductor",
      "git_url": "https://git.bioconductor.org/packages/MatrixGenerics",
      "git_branch": "RELEASE_3_14",
      "git_last_commit": "4588a60",
      "git_last_commit_date": "2021-10-26",
      "Hash": "506b92cb263d9e014a391b41939badcf",
      "Requirements": [
        "matrixStats"
      ]
    },
    "MsCoreUtils": {
      "Package": "MsCoreUtils",
      "Version": "1.6.2",
      "Source": "Bioconductor",
      "git_url": "https://git.bioconductor.org/packages/MsCoreUtils",
      "git_branch": "RELEASE_3_14",
      "git_last_commit": "0d9fa88",
      "git_last_commit_date": "2022-02-23",
      "Hash": "093c5b615a6ef68ea443d6273eb3e111",
      "Requirements": [
        "MASS",
        "Rcpp",
        "S4Vectors",
        "clue"
      ]
    },
    "ProtGenerics": {
      "Package": "ProtGenerics",
      "Version": "1.26.0",
      "Source": "Bioconductor",
      "git_url": "https://git.bioconductor.org/packages/ProtGenerics",
      "git_branch": "RELEASE_3_14",
      "git_last_commit": "2033289",
      "git_last_commit_date": "2021-10-26",
      "Hash": "00fb5dbafc94b13ff52e5af4a32a5f5a",
      "Requirements": []
    },
    "R6": {
      "Package": "R6",
      "Version": "2.5.1",
      "Source": "Repository",
      "Repository": "CRAN",
      "Hash": "470851b6d5d0ac559e9d01bb352b4021",
      "Requirements": []
    },
    "RColorBrewer": {
      "Package": "RColorBrewer",
      "Version": "1.1-3",
      "Source": "Repository",
      "Repository": "CRAN",
      "Hash": "45f0398006e83a5b10b72a90663d8d8c",
      "Requirements": []
    },
    "RCurl": {
      "Package": "RCurl",
      "Version": "1.98-1.10",
      "Source": "Repository",
      "Repository": "CRAN",
      "Hash": "35136c52e39f2679ebbe7bf448e3bd5a",
      "Requirements": [
        "bitops"
      ]
    },
    "Rcpp": {
      "Package": "Rcpp",
      "Version": "1.0.10",
      "Source": "Repository",
      "Repository": "CRAN",
      "Hash": "e749cae40fa9ef469b6050959517453c",
      "Requirements": []
    },
    "Rhdf5lib": {
      "Package": "Rhdf5lib",
      "Version": "1.16.0",
      "Source": "Bioconductor",
      "git_url": "https://git.bioconductor.org/packages/Rhdf5lib",
      "git_branch": "RELEASE_3_14",
      "git_last_commit": "534c497",
      "git_last_commit_date": "2021-10-26",
      "Hash": "720badd4eb76a481fb97d65e08dc67f0",
      "Requirements": []
    },
    "S4Vectors": {
      "Package": "S4Vectors",
      "Version": "0.32.4",
      "Source": "Bioconductor",
      "git_url": "https://git.bioconductor.org/packages/S4Vectors",
      "git_branch": "RELEASE_3_14",
      "git_last_commit": "6703ee8",
      "git_last_commit_date": "2022-03-23",
      "Hash": "a60f752f43d02ebcacd6fdfa02e1d97b",
      "Requirements": [
        "BiocGenerics"
      ]
    },
    "SummarizedExperiment": {
      "Package": "SummarizedExperiment",
      "Version": "1.24.0",
      "Source": "Bioconductor",
      "git_url": "https://git.bioconductor.org/packages/SummarizedExperiment",
      "git_branch": "RELEASE_3_14",
      "git_last_commit": "d37f193",
      "git_last_commit_date": "2021-10-26",
      "Hash": "619feb3635b27a198477316a033b1ea8",
      "Requirements": [
        "Biobase",
        "BiocGenerics",
        "DelayedArray",
        "GenomeInfoDb",
        "GenomicRanges",
        "IRanges",
        "Matrix",
        "MatrixGenerics",
        "S4Vectors"
      ]
    },
    "XML": {
      "Package": "XML",
      "Version": "3.99-0.14",
      "Source": "Repository",
      "Repository": "CRAN",
      "Hash": "e5c8af79df616c135b21eaeb1dc6bc5c",
      "Requirements": []
    },
    "XVector": {
      "Package": "XVector",
      "Version": "0.34.0",
      "Source": "Bioconductor",
      "git_url": "https://git.bioconductor.org/packages/XVector",
      "git_branch": "RELEASE_3_14",
      "git_last_commit": "06adb25",
      "git_last_commit_date": "2021-10-26",
      "Hash": "9830cb6fc09640591c2f6436467af3c5",
      "Requirements": [
        "BiocGenerics",
        "IRanges",
        "S4Vectors",
        "zlibbioc"
      ]
    },
    "affy": {
      "Package": "affy",
      "Version": "1.72.0",
      "Source": "Bioconductor",
      "git_url": "https://git.bioconductor.org/packages/affy",
      "git_branch": "RELEASE_3_14",
      "git_last_commit": "3750b4e",
      "git_last_commit_date": "2021-10-26",
      "Hash": "147c5b9086625ad520de96fcd0e0bc58",
      "Requirements": [
        "Biobase",
        "BiocGenerics",
        "BiocManager",
        "affyio",
        "preprocessCore",
        "zlibbioc"
      ]
    },
    "affyio": {
      "Package": "affyio",
      "Version": "1.64.0",
      "Source": "Bioconductor",
      "git_url": "https://git.bioconductor.org/packages/affyio",
      "git_branch": "RELEASE_3_14",
      "git_last_commit": "aa7ce48",
      "git_last_commit_date": "2021-10-26",
      "Hash": "5404fd2f169d29441e0696de2f2eca05",
      "Requirements": [
        "zlibbioc"
      ]
    },
    "assertthat": {
      "Package": "assertthat",
      "Version": "0.2.1",
      "Source": "Repository",
      "Repository": "CRAN",
      "Hash": "50c838a310445e954bc13f26f26a6ecf",
      "Requirements": []
    },
    "base64enc": {
      "Package": "base64enc",
      "Version": "0.1-3",
      "Source": "Repository",
      "Repository": "CRAN",
      "Hash": "543776ae6848fde2f48ff3816d0628bc",
      "Requirements": []
    },
    "bit": {
      "Package": "bit",
      "Version": "4.0.5",
      "Source": "Repository",
      "Repository": "CRAN",
      "Hash": "d242abec29412ce988848d0294b208fd",
      "Requirements": []
    },
    "bit64": {
      "Package": "bit64",
      "Version": "4.0.5",
      "Source": "Repository",
      "Repository": "CRAN",
      "Hash": "9fe98599ca456d6552421db0d6772d8f",
      "Requirements": [
        "bit"
      ]
    },
    "bitops": {
      "Package": "bitops",
      "Version": "1.0-7",
      "Source": "Repository",
      "Repository": "CRAN",
      "Hash": "b7d8d8ee39869c18d8846a184dd8a1af",
      "Requirements": []
    },
    "bslib": {
      "Package": "bslib",
      "Version": "0.4.2",
      "Source": "Repository",
      "Repository": "CRAN",
      "Hash": "a7fbf03946ad741129dc81098722fca1",
      "Requirements": [
        "base64enc",
        "cachem",
        "htmltools",
        "jquerylib",
        "jsonlite",
        "memoise",
        "mime",
        "rlang",
        "sass"
      ]
    },
    "cachem": {
      "Package": "cachem",
      "Version": "1.0.7",
      "Source": "Repository",
      "Repository": "CRAN",
      "Hash": "cda74447c42f529de601fe4d4050daef",
      "Requirements": [
        "fastmap",
        "rlang"
      ]
    },
    "circlize": {
      "Package": "circlize",
      "Version": "0.4.15",
      "Source": "Repository",
      "Repository": "CRAN",
      "Hash": "2bb47a2fe6ab009b1dcc5566d8c3a988",
      "Requirements": [
        "GlobalOptions",
        "colorspace",
        "shape"
      ]
    },
    "cli": {
      "Package": "cli",
      "Version": "3.6.1",
      "Source": "Repository",
      "Repository": "CRAN",
      "Hash": "89e6d8219950eac806ae0c489052048a",
      "Requirements": []
    },
    "clipr": {
      "Package": "clipr",
      "Version": "0.8.0",
      "Source": "Repository",
      "Repository": "CRAN",
      "Hash": "3f038e5ac7f41d4ac41ce658c85e3042",
      "Requirements": []
    },
    "clue": {
      "Package": "clue",
      "Version": "0.3-64",
      "Source": "Repository",
      "Repository": "CRAN",
      "Hash": "f013e45eb656a4bb17b39cb24827a51f",
      "Requirements": [
        "cluster"
      ]
    },
    "cluster": {
      "Package": "cluster",
      "Version": "2.1.2",
      "Source": "Repository",
      "Repository": "CRAN",
      "Hash": "ce49bfe5bc0b3ecd43a01fe1b01c2243",
      "Requirements": []
    },
    "codetools": {
      "Package": "codetools",
      "Version": "0.2-18",
      "Source": "Repository",
      "Repository": "CRAN",
      "Hash": "019388fc48e48b3da0d3a76ff94608a8",
      "Requirements": []
    },
    "colorspace": {
      "Package": "colorspace",
      "Version": "2.1-0",
      "Source": "Repository",
      "Repository": "CRAN",
      "Hash": "f20c47fd52fae58b4e377c37bb8c335b",
      "Requirements": []
    },
    "commonmark": {
      "Package": "commonmark",
      "Version": "1.9.0",
      "Source": "Repository",
      "Repository": "CRAN",
      "Hash": "d691c61bff84bd63c383874d2d0c3307",
      "Requirements": []
    },
    "cpp11": {
      "Package": "cpp11",
      "Version": "0.4.3",
      "Source": "Repository",
      "Repository": "CRAN",
      "Hash": "ed588261931ee3be2c700d22e94a29ab",
      "Requirements": []
    },
    "crayon": {
      "Package": "crayon",
      "Version": "1.5.2",
      "Source": "Repository",
      "Repository": "CRAN",
      "Hash": "e8a1e41acf02548751f45c718d55aa6a",
      "Requirements": []
    },
    "crosstalk": {
      "Package": "crosstalk",
      "Version": "1.2.0",
      "Source": "Repository",
      "Repository": "CRAN",
      "Hash": "6aa54f69598c32177e920eb3402e8293",
      "Requirements": [
        "R6",
        "htmltools",
        "jsonlite",
        "lazyeval"
      ]
    },
    "digest": {
      "Package": "digest",
      "Version": "0.6.31",
      "Source": "Repository",
      "Repository": "CRAN",
      "Hash": "8b708f296afd9ae69f450f9640be8990",
      "Requirements": []
    },
    "doParallel": {
      "Package": "doParallel",
      "Version": "1.0.17",
      "Source": "Repository",
      "Repository": "CRAN",
      "Hash": "451e5edf411987991ab6a5410c45011f",
      "Requirements": [
        "foreach",
        "iterators"
      ]
    },
    "dplyr": {
      "Package": "dplyr",
      "Version": "1.1.1",
      "Source": "Repository",
      "Repository": "CRAN",
      "Hash": "eb5742d256a0d9306d85ea68756d8187",
      "Requirements": [
        "R6",
        "cli",
        "generics",
        "glue",
        "lifecycle",
        "magrittr",
        "pillar",
        "rlang",
        "tibble",
        "tidyselect",
        "vctrs"
      ]
    },
    "ellipsis": {
      "Package": "ellipsis",
      "Version": "0.3.2",
      "Source": "Repository",
      "Repository": "CRAN",
      "Hash": "bb0eec2fe32e88d9e2836c2f73ea2077",
      "Requirements": [
        "rlang"
      ]
    },
    "evaluate": {
      "Package": "evaluate",
      "Version": "0.20",
      "Source": "Repository",
      "Repository": "CRAN",
      "Hash": "4b68aa51edd89a0e044a66e75ae3cc6c",
      "Requirements": []
    },
    "fansi": {
      "Package": "fansi",
      "Version": "1.0.4",
      "Source": "Repository",
      "Repository": "CRAN",
      "Hash": "1d9e7ad3c8312a192dea7d3db0274fde",
      "Requirements": []
    },
    "farver": {
      "Package": "farver",
      "Version": "2.1.1",
      "Source": "Repository",
      "Repository": "CRAN",
      "Hash": "8106d78941f34855c440ddb946b8f7a5",
      "Requirements": []
    },
    "fastmap": {
      "Package": "fastmap",
      "Version": "1.1.1",
      "Source": "Repository",
      "Repository": "CRAN",
      "Hash": "f7736a18de97dea803bde0a2daaafb27",
      "Requirements": []
    },
    "fdrtool": {
      "Package": "fdrtool",
      "Version": "1.2.17",
      "Source": "Repository",
      "Repository": "CRAN",
      "Hash": "9feeb4e7a484e663a52d7de89135591a",
      "Requirements": []
    },
    "fontawesome": {
      "Package": "fontawesome",
      "Version": "0.5.0",
      "Source": "Repository",
      "Repository": "CRAN",
      "Hash": "e80750aec5717dedc019ad7ee40e4a7c",
      "Requirements": [
        "htmltools",
        "rlang"
      ]
    },
    "foreach": {
      "Package": "foreach",
      "Version": "1.5.2",
      "Source": "Repository",
      "Repository": "CRAN",
      "Hash": "618609b42c9406731ead03adf5379850",
      "Requirements": [
        "codetools",
        "iterators"
      ]
    },
    "formatR": {
      "Package": "formatR",
      "Version": "1.14",
      "Source": "Repository",
      "Repository": "CRAN",
      "Hash": "63cb26d12517c7863f5abb006c5e0f25",
      "Requirements": []
    },
    "fs": {
      "Package": "fs",
      "Version": "1.6.1",
      "Source": "Repository",
      "Repository": "CRAN",
      "Hash": "f4dcd23b67e33d851d2079f703e8b985",
      "Requirements": []
    },
    "futile.logger": {
      "Package": "futile.logger",
      "Version": "1.4.3",
      "Source": "Repository",
      "Repository": "CRAN",
      "Hash": "99f0ace8c05ec7d3683d27083c4f1e7e",
      "Requirements": [
        "futile.options",
        "lambda.r"
      ]
    },
    "futile.options": {
      "Package": "futile.options",
      "Version": "1.0.1",
      "Source": "Repository",
      "Repository": "CRAN",
      "Hash": "0d9bf02413ddc2bbe8da9ce369dcdd2b",
      "Requirements": []
    },
    "generics": {
      "Package": "generics",
      "Version": "0.1.3",
      "Source": "Repository",
      "Repository": "CRAN",
      "Hash": "15e9634c0fcd294799e9b2e929ed1b86",
      "Requirements": []
    },
    "ggplot2": {
      "Package": "ggplot2",
      "Version": "3.4.1",
      "Source": "Repository",
      "Repository": "CRAN",
      "Hash": "d494daf77c4aa7f084dbbe6ca5dcaca7",
      "Requirements": [
        "MASS",
        "cli",
        "glue",
        "gtable",
        "isoband",
        "lifecycle",
        "mgcv",
        "rlang",
        "scales",
        "tibble",
        "vctrs",
        "withr"
      ]
    },
    "ggrepel": {
      "Package": "ggrepel",
      "Version": "0.9.3",
      "Source": "Repository",
      "Repository": "CRAN",
      "Hash": "92edfac53774706b4d6099f3ee6f6306",
      "Requirements": [
        "Rcpp",
        "ggplot2",
        "rlang",
        "scales",
        "withr"
      ]
    },
    "glue": {
      "Package": "glue",
      "Version": "1.6.2",
      "Source": "Repository",
      "Repository": "CRAN",
      "Hash": "4f2596dfb05dac67b9dc558e5c6fba2e",
      "Requirements": []
    },
    "gmm": {
      "Package": "gmm",
      "Version": "1.7",
      "Source": "Repository",
      "Repository": "CRAN",
      "Hash": "cd3eb51c5334b4e73df05d6de8e00a13",
      "Requirements": [
        "sandwich"
      ]
    },
    "gridExtra": {
      "Package": "gridExtra",
      "Version": "2.3",
      "Source": "Repository",
      "Repository": "CRAN",
      "Hash": "7d7f283939f563670a697165b2cf5560",
      "Requirements": [
        "gtable"
      ]
    },
    "gtable": {
      "Package": "gtable",
      "Version": "0.3.3",
      "Source": "Repository",
      "Repository": "CRAN",
      "Hash": "b44addadb528a0d227794121c00572a0",
      "Requirements": [
        "cli",
        "glue",
        "lifecycle",
        "rlang"
      ]
    },
    "highr": {
      "Package": "highr",
      "Version": "0.10",
      "Source": "Repository",
      "Repository": "CRAN",
      "Hash": "06230136b2d2b9ba5805e1963fa6e890",
      "Requirements": [
        "xfun"
      ]
    },
    "hms": {
      "Package": "hms",
      "Version": "1.1.3",
      "Source": "Repository",
      "Repository": "CRAN",
      "Hash": "b59377caa7ed00fa41808342002138f9",
      "Requirements": [
        "lifecycle",
        "pkgconfig",
        "rlang",
        "vctrs"
      ]
    },
    "htmltools": {
      "Package": "htmltools",
      "Version": "0.5.5",
      "Source": "Repository",
      "Repository": "CRAN",
      "Hash": "ba0240784ad50a62165058a27459304a",
      "Requirements": [
        "base64enc",
        "digest",
        "ellipsis",
        "fastmap",
        "rlang"
      ]
    },
    "htmlwidgets": {
      "Package": "htmlwidgets",
      "Version": "1.6.2",
      "Source": "Repository",
      "Repository": "CRAN",
      "Hash": "a865aa85bcb2697f47505bfd70422471",
      "Requirements": [
        "htmltools",
        "jsonlite",
        "knitr",
        "rmarkdown",
        "yaml"
      ]
    },
    "httpuv": {
      "Package": "httpuv",
      "Version": "1.6.9",
      "Source": "Repository",
      "Repository": "CRAN",
      "Hash": "1046aa31a57eae8b357267a56a0b6d8b",
      "Requirements": [
        "R6",
        "Rcpp",
        "later",
        "promises"
      ]
    },
    "impute": {
      "Package": "impute",
      "Version": "1.68.0",
      "Source": "Bioconductor",
      "git_url": "https://git.bioconductor.org/packages/impute",
      "git_branch": "RELEASE_3_14",
      "git_last_commit": "fa4e4d8",
      "git_last_commit_date": "2021-10-26",
      "Hash": "ac6e18b092710ce2bd2dd3d4e13eae35",
      "Requirements": []
    },
    "imputeLCMD": {
      "Package": "imputeLCMD",
      "Version": "2.1",
      "Source": "Repository",
      "Repository": "CRAN",
      "Hash": "a1414921e9f70bb4fbd5bbad931d039a",
      "Requirements": [
        "impute",
        "norm",
        "pcaMethods",
        "tmvtnorm"
      ]
    },
    "isoband": {
      "Package": "isoband",
      "Version": "0.2.7",
      "Source": "Repository",
      "Repository": "CRAN",
      "Hash": "0080607b4a1a7b28979aecef976d8bc2",
      "Requirements": []
    },
    "iterators": {
      "Package": "iterators",
      "Version": "1.0.14",
      "Source": "Repository",
      "Repository": "CRAN",
      "Hash": "8954069286b4b2b0d023d1b288dce978",
      "Requirements": []
    },
    "jquerylib": {
      "Package": "jquerylib",
      "Version": "0.1.4",
      "Source": "Repository",
      "Repository": "CRAN",
      "Hash": "5aab57a3bd297eee1c1d862735972182",
      "Requirements": [
        "htmltools"
      ]
    },
    "jsonlite": {
      "Package": "jsonlite",
      "Version": "1.8.4",
      "Source": "Repository",
      "Repository": "CRAN",
      "Hash": "a4269a09a9b865579b2635c77e572374",
      "Requirements": []
    },
    "knitr": {
      "Package": "knitr",
      "Version": "1.42",
      "Source": "Repository",
      "Repository": "CRAN",
      "Hash": "8329a9bcc82943c8069104d4be3ee22d",
      "Requirements": [
        "evaluate",
        "highr",
        "xfun",
        "yaml"
      ]
    },
    "labeling": {
      "Package": "labeling",
      "Version": "0.4.2",
      "Source": "Repository",
      "Repository": "CRAN",
      "Hash": "3d5108641f47470611a32d0bdf357a72",
      "Requirements": []
    },
    "lambda.r": {
      "Package": "lambda.r",
      "Version": "1.2.4",
      "Source": "Repository",
      "Repository": "CRAN",
      "Hash": "b1e925c4b9ffeb901bacf812cbe9a6ad",
      "Requirements": [
        "formatR"
      ]
    },
    "later": {
      "Package": "later",
      "Version": "1.3.0",
      "Source": "Repository",
      "Repository": "CRAN",
      "Hash": "7e7b457d7766bc47f2a5f21cc2984f8e",
      "Requirements": [
        "Rcpp",
        "rlang"
      ]
    },
    "lattice": {
      "Package": "lattice",
      "Version": "0.20-45",
      "Source": "Repository",
      "Repository": "CRAN",
      "Hash": "b64cdbb2b340437c4ee047a1f4c4377b",
      "Requirements": []
    },
    "lazyeval": {
      "Package": "lazyeval",
      "Version": "0.2.2",
      "Source": "Repository",
      "Repository": "CRAN",
      "Hash": "d908914ae53b04d4c0c0fd72ecc35370",
      "Requirements": []
    },
    "lifecycle": {
      "Package": "lifecycle",
      "Version": "1.0.3",
      "Source": "Repository",
      "Repository": "CRAN",
      "Hash": "001cecbeac1cff9301bdc3775ee46a86",
      "Requirements": [
        "cli",
        "glue",
        "rlang"
      ]
    },
    "limma": {
      "Package": "limma",
      "Version": "3.50.3",
      "Source": "Bioconductor",
      "git_url": "https://git.bioconductor.org/packages/limma",
      "git_branch": "RELEASE_3_14",
      "git_last_commit": "724632d",
      "git_last_commit_date": "2022-04-06",
      "Hash": "b7308f398f87cb720d86a7992af92f6f",
      "Requirements": []
    },
    "magrittr": {
      "Package": "magrittr",
      "Version": "2.0.3",
      "Source": "Repository",
      "Repository": "CRAN",
      "Hash": "7ce2733a9826b3aeb1775d56fd305472",
      "Requirements": []
    },
    "matrixStats": {
      "Package": "matrixStats",
      "Version": "0.63.0",
      "Source": "Repository",
      "Repository": "CRAN",
      "Hash": "57af0c3da1f1a50680b186591c3359af",
      "Requirements": []
    },
    "memoise": {
      "Package": "memoise",
      "Version": "2.0.1",
      "Source": "Repository",
      "Repository": "CRAN",
      "Hash": "e2817ccf4a065c5d9d7f2cfbe7c1d78c",
      "Requirements": [
        "cachem",
        "rlang"
      ]
    },
    "mgcv": {
      "Package": "mgcv",
      "Version": "1.8-38",
      "Source": "Repository",
      "Repository": "CRAN",
      "Hash": "be3c61ffbb1e3d3b3df214d192ac5444",
      "Requirements": [
        "Matrix",
        "nlme"
      ]
    },
    "mime": {
      "Package": "mime",
      "Version": "0.12",
      "Source": "Repository",
      "Repository": "CRAN",
      "Hash": "18e9c28c1d3ca1560ce30658b22ce104",
      "Requirements": []
    },
    "munsell": {
      "Package": "munsell",
      "Version": "0.5.0",
      "Source": "Repository",
      "Repository": "CRAN",
      "Hash": "6dfe8bf774944bd5595785e3229d8771",
      "Requirements": [
        "colorspace"
      ]
    },
    "mvtnorm": {
      "Package": "mvtnorm",
      "Version": "1.1-3",
      "Source": "Repository",
      "Repository": "CRAN",
      "Hash": "7a7541cc284cb2ba3ba7eae645892af5",
      "Requirements": []
    },
    "mzID": {
      "Package": "mzID",
      "Version": "1.32.0",
      "Source": "Bioconductor",
      "git_url": "https://git.bioconductor.org/packages/mzID",
      "git_branch": "RELEASE_3_14",
      "git_last_commit": "d414638",
      "git_last_commit_date": "2021-10-26",
      "Hash": "daa1a7300d5152e0bf4652e3d3f79d4a",
      "Requirements": [
        "ProtGenerics",
        "XML",
        "doParallel",
        "foreach",
        "iterators",
        "plyr"
      ]
    },
    "mzR": {
      "Package": "mzR",
      "Version": "2.28.0",
      "Source": "Bioconductor",
      "git_url": "https://git.bioconductor.org/packages/mzR",
      "git_branch": "RELEASE_3_14",
      "git_last_commit": "bee7d6f",
      "git_last_commit_date": "2021-10-26",
      "Hash": "9fdb0d0b981dcaffb15ca490e9979388",
      "Requirements": [
        "Biobase",
        "BiocGenerics",
        "ProtGenerics",
        "Rcpp",
        "Rhdf5lib",
        "ncdf4",
        "zlibbioc"
      ]
    },
    "ncdf4": {
      "Package": "ncdf4",
      "Version": "1.21",
      "Source": "Repository",
      "Repository": "CRAN",
      "Hash": "a7b262641ef4659767d415c6bb78413f",
      "Requirements": []
    },
    "nlme": {
      "Package": "nlme",
      "Version": "3.1-153",
      "Source": "Repository",
      "Repository": "CRAN",
      "Hash": "2d632e0d963a653a0329756ce701ecdd",
      "Requirements": [
        "lattice"
      ]
    },
    "norm": {
      "Package": "norm",
      "Version": "1.0-10.0",
      "Source": "Repository",
      "Repository": "CRAN",
      "Hash": "7b5244ffdba7429e0e76961f0aa8f199",
      "Requirements": []
    },
    "pcaMethods": {
      "Package": "pcaMethods",
      "Version": "1.86.0",
      "Source": "Bioconductor",
      "git_url": "https://git.bioconductor.org/packages/pcaMethods",
      "git_branch": "RELEASE_3_14",
      "git_last_commit": "9419cfa",
      "git_last_commit_date": "2021-10-26",
      "Hash": "c7e4e7945ceb42ec531d60eb86563825",
      "Requirements": [
        "Biobase",
        "BiocGenerics",
        "MASS",
        "Rcpp"
      ]
    },
    "pillar": {
      "Package": "pillar",
      "Version": "1.9.0",
      "Source": "Repository",
      "Repository": "CRAN",
      "Hash": "15da5a8412f317beeee6175fbc76f4bb",
      "Requirements": [
        "cli",
        "fansi",
        "glue",
        "lifecycle",
        "rlang",
        "utf8",
        "vctrs"
      ]
    },
    "pkgconfig": {
      "Package": "pkgconfig",
      "Version": "2.0.3",
      "Source": "Repository",
      "Repository": "CRAN",
      "Hash": "01f28d4278f15c76cddbea05899c5d6f",
      "Requirements": []
    },
    "plyr": {
      "Package": "plyr",
      "Version": "1.8.8",
      "Source": "Repository",
      "Repository": "CRAN",
      "Hash": "d744387aef9047b0b48be2933d78e862",
      "Requirements": [
        "Rcpp"
      ]
    },
    "png": {
      "Package": "png",
      "Version": "0.1-8",
      "Source": "Repository",
      "Repository": "CRAN",
      "Hash": "bd54ba8a0a5faded999a7aab6e46b374",
      "Requirements": []
    },
    "preprocessCore": {
      "Package": "preprocessCore",
      "Version": "1.56.0",
      "Source": "Bioconductor",
      "git_url": "https://git.bioconductor.org/packages/preprocessCore",
      "git_branch": "RELEASE_3_14",
      "git_last_commit": "8f32722",
      "git_last_commit_date": "2021-10-26",
      "Hash": "36a1b1901bc140f7b25fefd0b2c87450",
      "Requirements": []
    },
    "prettyunits": {
      "Package": "prettyunits",
      "Version": "1.1.1",
      "Source": "Repository",
      "Repository": "CRAN",
      "Hash": "95ef9167b75dde9d2ccc3c7528393e7e",
      "Requirements": []
    },
    "progress": {
      "Package": "progress",
      "Version": "1.2.2",
      "Source": "Repository",
      "Repository": "CRAN",
      "Hash": "14dc9f7a3c91ebb14ec5bb9208a07061",
      "Requirements": [
        "R6",
        "crayon",
        "hms",
        "prettyunits"
      ]
    },
    "promises": {
      "Package": "promises",
      "Version": "1.2.0.1",
      "Source": "Repository",
      "Repository": "CRAN",
      "Hash": "4ab2c43adb4d4699cf3690acd378d75d",
      "Requirements": [
        "R6",
        "Rcpp",
        "later",
        "magrittr",
        "rlang"
      ]
    },
    "purrr": {
      "Package": "purrr",
      "Version": "1.0.1",
      "Source": "Repository",
      "Repository": "CRAN",
      "Hash": "d71c815267c640f17ddbf7f16144b4bb",
      "Requirements": [
        "cli",
        "lifecycle",
        "magrittr",
        "rlang",
        "vctrs"
      ]
    },
    "rappdirs": {
      "Package": "rappdirs",
      "Version": "0.3.3",
      "Source": "Repository",
      "Repository": "CRAN",
      "Hash": "5e3c5dc0b071b21fa128676560dbe94d",
      "Requirements": []
    },
    "readr": {
      "Package": "readr",
      "Version": "2.1.4",
      "Source": "Repository",
      "Repository": "CRAN",
      "Hash": "b5047343b3825f37ad9d3b5d89aa1078",
      "Requirements": [
        "R6",
        "cli",
        "clipr",
        "cpp11",
        "crayon",
        "hms",
        "lifecycle",
        "rlang",
        "tibble",
        "tzdb",
        "vroom"
      ]
    },
    "renv": {
      "Package": "renv",
      "Version": "0.16.0",
      "Source": "Repository",
      "Repository": "CRAN",
      "Hash": "c9e8442ab69bc21c9697ecf856c1e6c7",
      "Requirements": []
    },
    "rjson": {
      "Package": "rjson",
      "Version": "0.2.21",
      "Source": "Repository",
      "Repository": "CRAN",
      "Hash": "f9da75e6444e95a1baf8ca24909d63b9",
      "Requirements": []
    },
    "rlang": {
      "Package": "rlang",
      "Version": "1.1.0",
      "Source": "Repository",
      "Repository": "CRAN",
      "Hash": "dc079ccd156cde8647360f473c1fa718",
      "Requirements": []
    },
    "rmarkdown": {
      "Package": "rmarkdown",
      "Version": "2.20",
      "Source": "Repository",
      "Repository": "CRAN",
      "Hash": "716fde5382293cc94a71f68c85b78d19",
      "Requirements": [
        "bslib",
        "evaluate",
        "htmltools",
        "jquerylib",
        "jsonlite",
        "knitr",
        "stringr",
        "tinytex",
        "xfun",
        "yaml"
      ]
    },
    "sandwich": {
      "Package": "sandwich",
      "Version": "3.0-2",
      "Source": "Repository",
      "Repository": "CRAN",
      "Hash": "dd5af939b8690baa8ee0bca996e99924",
      "Requirements": [
        "zoo"
      ]
    },
    "sass": {
      "Package": "sass",
      "Version": "0.4.5",
      "Source": "Repository",
      "Repository": "CRAN",
      "Hash": "2bb4371a4c80115518261866eab6ab11",
      "Requirements": [
        "R6",
        "fs",
        "htmltools",
        "rappdirs",
        "rlang"
      ]
    },
    "scales": {
      "Package": "scales",
      "Version": "1.2.1",
      "Source": "Repository",
      "Repository": "CRAN",
      "Hash": "906cb23d2f1c5680b8ce439b44c6fa63",
      "Requirements": [
        "R6",
        "RColorBrewer",
        "farver",
        "labeling",
        "lifecycle",
        "munsell",
        "rlang",
        "viridisLite"
      ]
    },
    "shape": {
      "Package": "shape",
      "Version": "1.4.6",
      "Source": "Repository",
      "Repository": "CRAN",
      "Hash": "9067f962730f58b14d8ae54ca885509f",
      "Requirements": []
    },
    "shiny": {
      "Package": "shiny",
      "Version": "1.7.4",
      "Source": "Repository",
      "Repository": "CRAN",
      "Hash": "c2eae3d8c670fa9dfa35a12066f4a1d5",
      "Requirements": [
        "R6",
        "bslib",
        "cachem",
        "commonmark",
        "crayon",
        "ellipsis",
        "fastmap",
        "fontawesome",
        "glue",
        "htmltools",
        "httpuv",
        "jsonlite",
        "later",
        "lifecycle",
        "mime",
        "promises",
        "rlang",
        "sourcetools",
        "withr",
        "xtable"
      ]
    },
    "shinydashboard": {
      "Package": "shinydashboard",
      "Version": "0.7.2",
      "Source": "Repository",
      "Repository": "CRAN",
      "Hash": "e418b532e9bb4eb22a714b9a9f1acee7",
      "Requirements": [
        "htmltools",
        "promises",
        "shiny"
      ]
    },
    "snow": {
      "Package": "snow",
      "Version": "0.4-4",
      "Source": "Repository",
      "Repository": "CRAN",
      "Hash": "40b74690debd20c57d93d8c246b305d4",
      "Requirements": []
    },
    "sourcetools": {
      "Package": "sourcetools",
      "Version": "0.1.7-1",
      "Source": "Repository",
      "Repository": "CRAN",
      "Hash": "5f5a7629f956619d519205ec475fe647",
      "Requirements": []
    },
    "stringi": {
      "Package": "stringi",
      "Version": "1.7.12",
      "Source": "Repository",
      "Repository": "CRAN",
      "Hash": "ca8bd84263c77310739d2cf64d84d7c9",
      "Requirements": []
    },
    "stringr": {
      "Package": "stringr",
      "Version": "1.5.0",
      "Source": "Repository",
      "Repository": "CRAN",
      "Hash": "671a4d384ae9d32fc47a14e98bfa3dc8",
      "Requirements": [
        "cli",
        "glue",
        "lifecycle",
        "magrittr",
        "rlang",
        "stringi",
        "vctrs"
      ]
    },
    "tibble": {
      "Package": "tibble",
      "Version": "3.2.1",
      "Source": "Repository",
      "Repository": "CRAN",
      "Hash": "a84e2cc86d07289b3b6f5069df7a004c",
      "Requirements": [
        "fansi",
        "lifecycle",
        "magrittr",
        "pillar",
        "pkgconfig",
        "rlang",
        "vctrs"
      ]
    },
    "tidyr": {
      "Package": "tidyr",
      "Version": "1.3.0",
      "Source": "Repository",
      "Repository": "CRAN",
      "Hash": "e47debdc7ce599b070c8e78e8ac0cfcf",
      "Requirements": [
        "cli",
        "cpp11",
        "dplyr",
        "glue",
        "lifecycle",
        "magrittr",
        "purrr",
        "rlang",
        "stringr",
        "tibble",
        "tidyselect",
        "vctrs"
      ]
    },
    "tidyselect": {
      "Package": "tidyselect",
      "Version": "1.2.0",
      "Source": "Repository",
      "Repository": "CRAN",
      "Hash": "79540e5fcd9e0435af547d885f184fd5",
      "Requirements": [
        "cli",
        "glue",
        "lifecycle",
        "rlang",
        "vctrs",
        "withr"
      ]
    },
    "tinytex": {
      "Package": "tinytex",
      "Version": "0.44",
      "Source": "Repository",
      "Repository": "CRAN",
      "Hash": "c0f007e2eeed7722ce13d42b84a22e07",
      "Requirements": [
        "xfun"
      ]
    },
    "tmvtnorm": {
      "Package": "tmvtnorm",
      "Version": "1.5",
      "Source": "Repository",
      "Repository": "CRAN",
      "Hash": "1e4beacf8b8e82280c0329d97a4740d5",
      "Requirements": [
        "Matrix",
        "gmm",
        "mvtnorm"
      ]
    },
    "tzdb": {
      "Package": "tzdb",
      "Version": "0.3.0",
      "Source": "Repository",
      "Repository": "CRAN",
      "Hash": "b2e1cbce7c903eaf23ec05c58e59fb5e",
      "Requirements": [
        "cpp11"
      ]
    },
    "utf8": {
      "Package": "utf8",
      "Version": "1.2.3",
      "Source": "Repository",
      "Repository": "CRAN",
      "Hash": "1fe17157424bb09c48a8b3b550c753bc",
      "Requirements": []
    },
    "vctrs": {
      "Package": "vctrs",
      "Version": "0.6.1",
      "Source": "Repository",
      "Repository": "CRAN",
      "Hash": "06eceb3a5d716fd0654cc23ca3d71a99",
      "Requirements": [
        "cli",
        "glue",
        "lifecycle",
        "rlang"
      ]
    },
    "viridisLite": {
      "Package": "viridisLite",
      "Version": "0.4.1",
      "Source": "Repository",
      "Repository": "CRAN",
      "Hash": "62f4b5da3e08d8e5bcba6cac15603f70",
      "Requirements": []
    },
    "vroom": {
      "Package": "vroom",
      "Version": "1.6.1",
      "Source": "Repository",
      "Repository": "CRAN",
      "Hash": "7015a74373b83ffaef64023f4a0f5033",
      "Requirements": [
        "bit64",
        "cli",
        "cpp11",
        "crayon",
        "glue",
        "hms",
        "lifecycle",
        "progress",
        "rlang",
        "tibble",
        "tidyselect",
        "tzdb",
        "vctrs",
        "withr"
      ]
    },
    "vsn": {
      "Package": "vsn",
      "Version": "3.62.0",
      "Source": "Bioconductor",
      "git_url": "https://git.bioconductor.org/packages/vsn",
      "git_branch": "RELEASE_3_14",
      "git_last_commit": "6ae7f4e",
      "git_last_commit_date": "2021-10-26",
      "Hash": "371f1a4d99079b174dc215a7c8a27a92",
      "Requirements": [
        "Biobase",
        "affy",
        "ggplot2",
        "lattice",
        "limma"
      ]
    },
    "withr": {
      "Package": "withr",
      "Version": "2.5.0",
      "Source": "Repository",
      "Repository": "CRAN",
      "Hash": "c0e49a9760983e81e55cdd9be92e7182",
      "Requirements": []
    },
    "xfun": {
      "Package": "xfun",
      "Version": "0.37",
      "Source": "Repository",
      "Repository": "CRAN",
      "Hash": "a6860e1400a8fd1ddb6d9b4230cc34ab",
      "Requirements": []
    },
    "xtable": {
      "Package": "xtable",
      "Version": "1.8-4",
      "Source": "Repository",
      "Repository": "CRAN",
      "Hash": "b8acdf8af494d9ec19ccb2481a9b11c2",
      "Requirements": []
    },
    "yaml": {
      "Package": "yaml",
      "Version": "2.3.7",
      "Source": "Repository",
      "Repository": "CRAN",
      "Hash": "0d0056cc5383fbc240ccd0cb584bf436",
      "Requirements": []
    },
    "zlibbioc": {
      "Package": "zlibbioc",
      "Version": "1.40.0",
      "Source": "Bioconductor",
      "git_url": "https://git.bioconductor.org/packages/zlibbioc",
      "git_branch": "RELEASE_3_14",
      "git_last_commit": "3f116b3",
      "git_last_commit_date": "2021-10-26",
      "Hash": "3598bf6c766b0d2c15d1eefefa26d9ef",
      "Requirements": []
    },
    "zoo": {
      "Package": "zoo",
      "Version": "1.8-11",
      "Source": "Repository",
      "Repository": "CRAN",
      "Hash": "874a5b77fe0cfacf2a3450069ae70926",
      "Requirements": [
        "lattice"
      ]
    }
  }
}
